
Microsoft Visual Studio Solution File, Format Version 12.00
# Visual Studio Version 17
VisualStudioVersion = 17.1.31911.260
MinimumVisualStudioVersion = 10.0.40219.1
Project("{FAE04EC0-301F-11D3-BF4B-00C04F79EFBC}") = "codefirst_sample", "codefirst_sample\codefirst_sample.csproj", "{68D103FC-9773-4F68-B5B4-97720D4FD283}"
EndProject
Global
	GlobalSection(SolutionConfigurationPlatforms) = preSolution
		Debug|Any CPU = Debug|Any CPU
		Release|Any CPU = Release|Any CPU
	EndGlobalSection
	GlobalSection(ProjectConfigurationPlatforms) = postSolution
		{68D103FC-9773-4F68-B5B4-97720D4FD283}.Debug|Any CPU.ActiveCfg = Debug|Any CPU
		{68D103FC-9773-4F68-B5B4-97720D4FD283}.Debug|Any CPU.Build.0 = Debug|Any CPU
		{68D103FC-9773-4F68-B5B4-97720D4FD283}.Release|Any CPU.ActiveCfg = Release|Any CPU
		{68D103FC-9773-4F68-B5B4-97720D4FD283}.Release|Any CPU.Build.0 = Release|Any CPU
	EndGlobalSection
	GlobalSection(SolutionProperties) = preSolution
		HideSolutionNode = FALSE
	EndGlobalSection
	GlobalSection(ExtensibilityGlobals) = postSolution
		SolutionGuid = {89820575-BDB3-4E59-AC17-D0BC05ED00C6}
	EndGlobalSection
EndGlobal
