
Microsoft Visual Studio Solution File, Format Version 12.00
# Visual Studio Version 17
VisualStudioVersion = 17.1.31911.260
MinimumVisualStudioVersion = 10.0.40219.1
Project("{FAE04EC0-301F-11D3-BF4B-00C04F79EFBC}") = "MyWebApp01", "MyWebApp01\MyWebApp01.csproj", "{17F29C26-24EE-4B32-82A5-3904170F7139}"
EndProject
Global
	GlobalSection(SolutionConfigurationPlatforms) = preSolution
		Debug|Any CPU = Debug|Any CPU
		Release|Any CPU = Release|Any CPU
	EndGlobalSection
	GlobalSection(ProjectConfigurationPlatforms) = postSolution
		{17F29C26-24EE-4B32-82A5-3904170F7139}.Debug|Any CPU.ActiveCfg = Debug|Any CPU
		{17F29C26-24EE-4B32-82A5-3904170F7139}.Debug|Any CPU.Build.0 = Debug|Any CPU
		{17F29C26-24EE-4B32-82A5-3904170F7139}.Release|Any CPU.ActiveCfg = Release|Any CPU
		{17F29C26-24EE-4B32-82A5-3904170F7139}.Release|Any CPU.Build.0 = Release|Any CPU
	EndGlobalSection
	GlobalSection(SolutionProperties) = preSolution
		HideSolutionNode = FALSE
	EndGlobalSection
	GlobalSection(ExtensibilityGlobals) = postSolution
		SolutionGuid = {49543B05-6A98-44D9-8159-1107B4106062}
	EndGlobalSection
EndGlobal
