
Microsoft Visual Studio Solution File, Format Version 12.00
# Visual Studio Version 17
VisualStudioVersion = 17.1.31911.260
MinimumVisualStudioVersion = 10.0.40219.1
Project("{FAE04EC0-301F-11D3-BF4B-00C04F79EFBC}") = "MyWebAppNov19", "MyWebAppNov19\MyWebAppNov19.csproj", "{447D69B8-7E24-4061-AE35-58EA83DC66FF}"
EndProject
Global
	GlobalSection(SolutionConfigurationPlatforms) = preSolution
		Debug|Any CPU = Debug|Any CPU
		Release|Any CPU = Release|Any CPU
	EndGlobalSection
	GlobalSection(ProjectConfigurationPlatforms) = postSolution
		{447D69B8-7E24-4061-AE35-58EA83DC66FF}.Debug|Any CPU.ActiveCfg = Debug|Any CPU
		{447D69B8-7E24-4061-AE35-58EA83DC66FF}.Debug|Any CPU.Build.0 = Debug|Any CPU
		{447D69B8-7E24-4061-AE35-58EA83DC66FF}.Release|Any CPU.ActiveCfg = Release|Any CPU
		{447D69B8-7E24-4061-AE35-58EA83DC66FF}.Release|Any CPU.Build.0 = Release|Any CPU
	EndGlobalSection
	GlobalSection(SolutionProperties) = preSolution
		HideSolutionNode = FALSE
	EndGlobalSection
	GlobalSection(ExtensibilityGlobals) = postSolution
		SolutionGuid = {377CFC4E-10CD-493B-B29A-7D5BCB1C9383}
	EndGlobalSection
EndGlobal
